# This file is automatically @generated by Cargo.
# It is not intended for manual editing.
version = 4

[[package]]
name = "cuddld"
version = "0.0.0"
dependencies = [
 "cuddld_ar",
 "cuddld_diagnostics",
 "cuddld_elf",
 "cuddld_error",
 "cuddld_macros",
 "cuddld_pkg_config",
 "cuddld_test_harness",
 "cuddld_utils",
]

[[package]]
name = "cuddld_ar"
version = "0.0.0"
dependencies = [
 "cuddld_macros",
 "cuddld_utils",
]

[[package]]
name = "cuddld_diagnostics"
version = "0.0.0"
dependencies = [
 "cuddld_test_harness",
]

[[package]]
name = "cuddld_elf"
version = "0.0.0"
dependencies = [
 "cuddld_diagnostics",
 "cuddld_error",
 "cuddld_macros",
 "cuddld_test_harness",
 "cuddld_utils",
]

[[package]]
name = "cuddld_error"
version = "0.0.0"

[[package]]
name = "cuddld_macros"
version = "0.0.0"
dependencies = [
 "cuddld_macros_quote",
 "cuddld_utils",
]

[[package]]
name = "cuddld_macros_quote"
version = "0.0.0"

[[package]]
name = "cuddld_pkg_config"
version = "0.0.0"
dependencies = [
 "cuddld_error",
 "cuddld_macros",
 "cuddld_test_harness",
 "cuddld_utils",
]

[[package]]
name = "cuddld_test_harness"
version = "0.0.0"
dependencies = [
 "cuddld_error",
 "cuddld_macros",
 "cuddld_utils",
]

[[package]]
name = "cuddld_utils"
version = "0.0.0"
