# This file is automatically @generated by Cargo.
# It is not intended for manual editing.
version = 4

[[package]]
name = "plinky"
version = "0.0.0"
dependencies = [
 "plinky_ar",
 "plinky_diagnostics",
 "plinky_elf",
 "plinky_error",
 "plinky_macros",
 "plinky_pkg_config",
 "plinky_test_harness",
 "plinky_utils",
]

[[package]]
name = "plinky_ar"
version = "0.0.0"
dependencies = [
 "plinky_macros",
 "plinky_utils",
]

[[package]]
name = "plinky_diagnostics"
version = "0.0.0"
dependencies = [
 "plinky_test_harness",
]

[[package]]
name = "plinky_elf"
version = "0.0.0"
dependencies = [
 "plinky_diagnostics",
 "plinky_error",
 "plinky_macros",
 "plinky_test_harness",
 "plinky_utils",
]

[[package]]
name = "plinky_error"
version = "0.0.0"

[[package]]
name = "plinky_macros"
version = "0.0.0"
dependencies = [
 "plinky_macros_quote",
 "plinky_utils",
]

[[package]]
name = "plinky_macros_quote"
version = "0.0.0"

[[package]]
name = "plinky_pkg_config"
version = "0.0.0"
dependencies = [
 "plinky_error",
 "plinky_macros",
 "plinky_test_harness",
 "plinky_utils",
]

[[package]]
name = "plinky_test_harness"
version = "0.0.0"
dependencies = [
 "plinky_error",
 "plinky_macros",
 "plinky_utils",
]

[[package]]
name = "plinky_utils"
version = "0.0.0"
